// !$*UTF8*$!
{
	archiveVersion = 1;
	classes = {
	};
	objectVersion = 50;
	objects = {

/* Begin PBXBuildFile section */
		382BB037FA85C0B8305C89FA /* Pods_SearchUI.framework in Frameworks */ = {isa = PBXBuildFile; fileRef = 57FAC9412B4F85486B9404A2 /* Pods_SearchUI.framework */; };
		A3C2F37B20E5153A00C952F9 /* ImageItemView.swift in Sources */ = {isa = PBXBuildFile; fileRef = A3C2F37A20E5153A00C952F9 /* ImageItemView.swift */; };
		A3C2F37D20E526AB00C952F9 /* UIColor.swift in Sources */ = {isa = PBXBuildFile; fileRef = A3C2F37C20E526AB00C952F9 /* UIColor.swift */; };
		A3C2F37F20E63E2400C952F9 /* Model.swift in Sources */ = {isa = PBXBuildFile; fileRef = A3C2F37E20E63E2400C952F9 /* Model.swift */; };
		A3EAC5B220E2437E00A45360 /* AppDelegate.swift in Sources */ = {isa = PBXBuildFile; fileRef = A3EAC5B120E2437E00A45360 /* AppDelegate.swift */; };
		A3EAC5B420E2437E00A45360 /* ViewController.swift in Sources */ = {isa = PBXBuildFile; fileRef = A3EAC5B320E2437E00A45360 /* ViewController.swift */; };
		A3EAC5B920E2438000A45360 /* Assets.xcassets in Resources */ = {isa = PBXBuildFile; fileRef = A3EAC5B820E2438000A45360 /* Assets.xcassets */; };
		A3EAC5BC20E2438000A45360 /* LaunchScreen.storyboard in Resources */ = {isa = PBXBuildFile; fileRef = A3EAC5BA20E2438000A45360 /* LaunchScreen.storyboard */; };
		A3EAC5C420E24B7300A45360 /* View.swift in Sources */ = {isa = PBXBuildFile; fileRef = A3EAC5C320E24B7200A45360 /* View.swift */; };
		A3EAC5C620E24C1C00A45360 /* SearchHomeView.swift in Sources */ = {isa = PBXBuildFile; fileRef = A3EAC5C520E24C1C00A45360 /* SearchHomeView.swift */; };
		A3EAC5CB20E24CA900A45360 /* SearchAnimator.swift in Sources */ = {isa = PBXBuildFile; fileRef = A3EAC5CA20E24CA900A45360 /* SearchAnimator.swift */; };
		A3EAC5CD20E24D4C00A45360 /* WobbleAnimator.swift in Sources */ = {isa = PBXBuildFile; fileRef = A3EAC5CC20E24D4C00A45360 /* WobbleAnimator.swift */; };
		A3EAC5CF20E24E9400A45360 /* CG+SearchUI.swift in Sources */ = {isa = PBXBuildFile; fileRef = A3EAC5CE20E24E9400A45360 /* CG+SearchUI.swift */; };
/* End PBXBuildFile section */

/* Begin PBXFileReference section */
		57FAC9412B4F85486B9404A2 /* Pods_SearchUI.framework */ = {isa = PBXFileReference; explicitFileType = wrapper.framework; includeInIndex = 0; path = Pods_SearchUI.framework; sourceTree = BUILT_PRODUCTS_DIR; };
		6F1B154132686F216D8F3F00 /* Pods-SearchUI.release.xcconfig */ = {isa = PBXFileReference; includeInIndex = 1; lastKnownFileType = text.xcconfig; name = "Pods-SearchUI.release.xcconfig"; path = "Pods/Target Support Files/Pods-SearchUI/Pods-SearchUI.release.xcconfig"; sourceTree = "<group>"; };
		A3C2F37A20E5153A00C952F9 /* ImageItemView.swift */ = {isa = PBXFileReference; lastKnownFileType = sourcecode.swift; path = ImageItemView.swift; sourceTree = "<group>"; };
		A3C2F37C20E526AB00C952F9 /* UIColor.swift */ = {isa = PBXFileReference; lastKnownFileType = sourcecode.swift; path = UIColor.swift; sourceTree = "<group>"; };
		A3C2F37E20E63E2400C952F9 /* Model.swift */ = {isa = PBXFileReference; lastKnownFileType = sourcecode.swift; path = Model.swift; sourceTree = "<group>"; };
		A3EAC5AE20E2437E00A45360 /* SearchUI.app */ = {isa = PBXFileReference; explicitFileType = wrapper.application; includeInIndex = 0; path = SearchUI.app; sourceTree = BUILT_PRODUCTS_DIR; };
		A3EAC5B120E2437E00A45360 /* AppDelegate.swift */ = {isa = PBXFileReference; lastKnownFileType = sourcecode.swift; path = AppDelegate.swift; sourceTree = "<group>"; };
		A3EAC5B320E2437E00A45360 /* ViewController.swift */ = {isa = PBXFileReference; lastKnownFileType = sourcecode.swift; path = ViewController.swift; sourceTree = "<group>"; };
		A3EAC5B820E2438000A45360 /* Assets.xcassets */ = {isa = PBXFileReference; lastKnownFileType = folder.assetcatalog; path = Assets.xcassets; sourceTree = "<group>"; };
		A3EAC5BB20E2438000A45360 /* Base */ = {isa = PBXFileReference; lastKnownFileType = file.storyboard; name = Base; path = Base.lproj/LaunchScreen.storyboard; sourceTree = "<group>"; };
		A3EAC5BD20E2438000A45360 /* Info.plist */ = {isa = PBXFileReference; lastKnownFileType = text.plist.xml; path = Info.plist; sourceTree = "<group>"; };
		A3EAC5C320E24B7200A45360 /* View.swift */ = {isa = PBXFileReference; fileEncoding = 4; lastKnownFileType = sourcecode.swift; path = View.swift; sourceTree = "<group>"; };
		A3EAC5C520E24C1C00A45360 /* SearchHomeView.swift */ = {isa = PBXFileReference; lastKnownFileType = sourcecode.swift; path = SearchHomeView.swift; sourceTree = "<group>"; };
		A3EAC5CA20E24CA900A45360 /* SearchAnimator.swift */ = {isa = PBXFileReference; lastKnownFileType = sourcecode.swift; path = SearchAnimator.swift; sourceTree = "<group>"; };
		A3EAC5CC20E24D4C00A45360 /* WobbleAnimator.swift */ = {isa = PBXFileReference; lastKnownFileType = sourcecode.swift; path = WobbleAnimator.swift; sourceTree = "<group>"; };
		A3EAC5CE20E24E9400A45360 /* CG+SearchUI.swift */ = {isa = PBXFileReference; lastKnownFileType = sourcecode.swift; path = "CG+SearchUI.swift"; sourceTree = "<group>"; };
		F2FD8C4D95EBA21C16916A2B /* Pods-SearchUI.debug.xcconfig */ = {isa = PBXFileReference; includeInIndex = 1; lastKnownFileType = text.xcconfig; name = "Pods-SearchUI.debug.xcconfig"; path = "Pods/Target Support Files/Pods-SearchUI/Pods-SearchUI.debug.xcconfig"; sourceTree = "<group>"; };
/* End PBXFileReference section */

/* Begin PBXFrameworksBuildPhase section */
		A3EAC5AB20E2437E00A45360 /* Frameworks */ = {
			isa = PBXFrameworksBuildPhase;
			buildActionMask = 2147483647;
			files = (
				382BB037FA85C0B8305C89FA /* Pods_SearchUI.framework in Frameworks */,
			);
			runOnlyForDeploymentPostprocessing = 0;
		};
/* End PBXFrameworksBuildPhase section */

/* Begin PBXGroup section */
		4AC17C5F7B4AEDF0604FFA36 /* Pods */ = {
			isa = PBXGroup;
			children = (
				F2FD8C4D95EBA21C16916A2B /* Pods-SearchUI.debug.xcconfig */,
				6F1B154132686F216D8F3F00 /* Pods-SearchUI.release.xcconfig */,
			);
			name = Pods;
			sourceTree = "<group>";
		};
		9AE52C992D177B1D25D87173 /* Frameworks */ = {
			isa = PBXGroup;
			children = (
				57FAC9412B4F85486B9404A2 /* Pods_SearchUI.framework */,
			);
			name = Frameworks;
			sourceTree = "<group>";
		};
		A3EAC5A520E2437E00A45360 = {
			isa = PBXGroup;
			children = (
				A3EAC5B020E2437E00A45360 /* SearchUI */,
				A3EAC5AF20E2437E00A45360 /* Products */,
				4AC17C5F7B4AEDF0604FFA36 /* Pods */,
				9AE52C992D177B1D25D87173 /* Frameworks */,
			);
			sourceTree = "<group>";
		};
		A3EAC5AF20E2437E00A45360 /* Products */ = {
			isa = PBXGroup;
			children = (
				A3EAC5AE20E2437E00A45360 /* SearchUI.app */,
			);
			name = Products;
			sourceTree = "<group>";
		};
		A3EAC5B020E2437E00A45360 /* SearchUI */ = {
			isa = PBXGroup;
			children = (
				A3EAC5C520E24C1C00A45360 /* SearchHomeView.swift */,
				A3C2F37E20E63E2400C952F9 /* Model.swift */,
				A3C2F37A20E5153A00C952F9 /* ImageItemView.swift */,
				A3EAC5CA20E24CA900A45360 /* SearchAnimator.swift */,
				A3EAC5CC20E24D4C00A45360 /* WobbleAnimator.swift */,
				A3EAC5C720E24C2300A45360 /* Supporting Files */,
			);
			path = SearchUI;
			sourceTree = "<group>";
		};
		A3EAC5C720E24C2300A45360 /* Supporting Files */ = {
			isa = PBXGroup;
			children = (
				A3EAC5B120E2437E00A45360 /* AppDelegate.swift */,
				A3EAC5B320E2437E00A45360 /* ViewController.swift */,
				A3EAC5C320E24B7200A45360 /* View.swift */,
				A3C2F37C20E526AB00C952F9 /* UIColor.swift */,
				A3EAC5CE20E24E9400A45360 /* CG+SearchUI.swift */,
				A3EAC5B820E2438000A45360 /* Assets.xcassets */,
				A3EAC5BA20E2438000A45360 /* LaunchScreen.storyboard */,
				A3EAC5BD20E2438000A45360 /* Info.plist */,
			);
			path = "Supporting Files";
			sourceTree = "<group>";
		};
/* End PBXGroup section */

/* Begin PBXNativeTarget section */
		A3EAC5AD20E2437E00A45360 /* SearchUI */ = {
			isa = PBXNativeTarget;
			buildConfigurationList = A3EAC5C020E2438000A45360 /* Build configuration list for PBXNativeTarget "SearchUI" */;
			buildPhases = (
				1D7144764FF9ED72628014A2 /* [CP] Check Pods Manifest.lock */,
				A3EAC5AA20E2437E00A45360 /* Sources */,
				A3EAC5AB20E2437E00A45360 /* Frameworks */,
				A3EAC5AC20E2437E00A45360 /* Resources */,
				CDBDB6140B743CAA827D6C13 /* [CP] Embed Pods Frameworks */,
			);
			buildRules = (
			);
			dependencies = (
			);
			name = SearchUI;
			productName = SearchUI;
			productReference = A3EAC5AE20E2437E00A45360 /* SearchUI.app */;
			productType = "com.apple.product-type.application";
		};
/* End PBXNativeTarget section */

/* Begin PBXProject section */
		A3EAC5A620E2437E00A45360 /* Project object */ = {
			isa = PBXProject;
			attributes = {
				LastSwiftUpdateCheck = 0930;
				LastUpgradeCheck = 0930;
				ORGANIZATIONNAME = "Luke Zhao";
				TargetAttributes = {
					A3EAC5AD20E2437E00A45360 = {
						CreatedOnToolsVersion = 9.3;
					};
				};
			};
			buildConfigurationList = A3EAC5A920E2437E00A45360 /* Build configuration list for PBXProject "SearchUI" */;
			compatibilityVersion = "Xcode 9.3";
			developmentRegion = en;
			hasScannedForEncodings = 0;
			knownRegions = (
				en,
				Base,
			);
			mainGroup = A3EAC5A520E2437E00A45360;
			productRefGroup = A3EAC5AF20E2437E00A45360 /* Products */;
			projectDirPath = "";
			projectRoot = "";
			targets = (
				A3EAC5AD20E2437E00A45360 /* SearchUI */,
			);
		};
/* End PBXProject section */

/* Begin PBXResourcesBuildPhase section */
		A3EAC5AC20E2437E00A45360 /* Resources */ = {
			isa = PBXResourcesBuildPhase;
			buildActionMask = 2147483647;
			files = (
				A3EAC5BC20E2438000A45360 /* LaunchScreen.storyboard in Resources */,
				A3EAC5B920E2438000A45360 /* Assets.xcassets in Resources */,
			);
			runOnlyForDeploymentPostprocessing = 0;
		};
/* End PBXResourcesBuildPhase section */

/* Begin PBXShellScriptBuildPhase section */
		1D7144764FF9ED72628014A2 /* [CP] Check Pods Manifest.lock */ = {
			isa = PBXShellScriptBuildPhase;
			buildActionMask = 2147483647;
			files = (
			);
			inputPaths = (
				"${PODS_PODFILE_DIR_PATH}/Podfile.lock",
				"${PODS_ROOT}/Manifest.lock",
			);
			name = "[CP] Check Pods Manifest.lock";
			outputPaths = (
				"$(DERIVED_FILE_DIR)/Pods-SearchUI-checkManifestLockResult.txt",
			);
			runOnlyForDeploymentPostprocessing = 0;
			shellPath = /bin/sh;
			shellScript = "diff \"${PODS_PODFILE_DIR_PATH}/Podfile.lock\" \"${PODS_ROOT}/Manifest.lock\" > /dev/null\nif [ $? != 0 ] ; then\n    # print error to STDERR\n    echo \"error: The sandbox is not in sync with the Podfile.lock. Run 'pod install' or update your CocoaPods installation.\" >&2\n    exit 1\nfi\n# This output is used by Xcode 'outputs' to avoid re-running this script phase.\necho \"SUCCESS\" > \"${SCRIPT_OUTPUT_FILE_0}\"\n";
			showEnvVarsInLog = 0;
		};
		CDBDB6140B743CAA827D6C13 /* [CP] Embed Pods Frameworks */ = {
			isa = PBXShellScriptBuildPhase;
			buildActionMask = 2147483647;
			files = (
			);
			inputPaths = (
				"${SRCROOT}/Pods/Target Support Files/Pods-SearchUI/Pods-SearchUI-frameworks.sh",
				"${BUILT_PRODUCTS_DIR}/Alamofire/Alamofire.framework",
				"${BUILT_PRODUCTS_DIR}/CollectionKit/CollectionKit.framework",
				"${BUILT_PRODUCTS_DIR}/PINCache/PINCache.framework",
				"${BUILT_PRODUCTS_DIR}/PINOperation/PINOperation.framework",
				"${BUILT_PRODUCTS_DIR}/PINRemoteImage/PINRemoteImage.framework",
				"${BUILT_PRODUCTS_DIR}/SwiftIcons/SwiftIcons.framework",
				"${BUILT_PRODUCTS_DIR}/Then/Then.framework",
				"${BUILT_PRODUCTS_DIR}/YetAnotherAnimationLibrary/YetAnotherAnimationLibrary.framework",
			);
			name = "[CP] Embed Pods Frameworks";
			outputPaths = (
				"${TARGET_BUILD_DIR}/${FRAMEWORKS_FOLDER_PATH}/Alamofire.framework",
				"${TARGET_BUILD_DIR}/${FRAMEWORKS_FOLDER_PATH}/CollectionKit.framework",
				"${TARGET_BUILD_DIR}/${FRAMEWORKS_FOLDER_PATH}/PINCache.framework",
				"${TARGET_BUILD_DIR}/${FRAMEWORKS_FOLDER_PATH}/PINOperation.framework",
				"${TARGET_BUILD_DIR}/${FRAMEWORKS_FOLDER_PATH}/PINRemoteImage.framework",
				"${TARGET_BUILD_DIR}/${FRAMEWORKS_FOLDER_PATH}/SwiftIcons.framework",
				"${TARGET_BUILD_DIR}/${FRAMEWORKS_FOLDER_PATH}/Then.framework",
				"${TARGET_BUILD_DIR}/${FRAMEWORKS_FOLDER_PATH}/YetAnotherAnimationLibrary.framework",
			);
			runOnlyForDeploymentPostprocessing = 0;
			shellPath = /bin/sh;
			shellScript = "\"${SRCROOT}/Pods/Target Support Files/Pods-SearchUI/Pods-SearchUI-frameworks.sh\"\n";
			showEnvVarsInLog = 0;
		};
/* End PBXShellScriptBuildPhase section */

/* Begin PBXSourcesBuildPhase section */
		A3EAC5AA20E2437E00A45360 /* Sources */ = {
			isa = PBXSourcesBuildPhase;
			buildActionMask = 2147483647;
			files = (
				A3EAC5B420E2437E00A45360 /* ViewController.swift in Sources */,
				A3EAC5C620E24C1C00A45360 /* SearchHomeView.swift in Sources */,
				A3EAC5B220E2437E00A45360 /* AppDelegate.swift in Sources */,
				A3EAC5CD20E24D4C00A45360 /* WobbleAnimator.swift in Sources */,
				A3EAC5CF20E24E9400A45360 /* CG+SearchUI.swift in Sources */,
				A3C2F37F20E63E2400C952F9 /* Model.swift in Sources */,
				A3C2F37D20E526AB00C952F9 /* UIColor.swift in Sources */,
				A3EAC5CB20E24CA900A45360 /* SearchAnimator.swift in Sources */,
				A3EAC5C420E24B7300A45360 /* View.swift in Sources */,
				A3C2F37B20E5153A00C952F9 /* ImageItemView.swift in Sources */,
			);
			runOnlyForDeploymentPostprocessing = 0;
		};
/* End PBXSourcesBuildPhase section */

/* Begin PBXVariantGroup section */
		A3EAC5BA20E2438000A45360 /* LaunchScreen.storyboard */ = {
			isa = PBXVariantGroup;
			children = (
				A3EAC5BB20E2438000A45360 /* Base */,
			);
			name = LaunchScreen.storyboard;
			sourceTree = "<group>";
		};
/* End PBXVariantGroup section */

/* Begin XCBuildConfiguration section */
		A3EAC5BE20E2438000A45360 /* Debug */ = {
			isa = XCBuildConfiguration;
			buildSettings = {
				ALWAYS_SEARCH_USER_PATHS = NO;
				CLANG_ANALYZER_NONNULL = YES;
				CLANG_ANALYZER_NUMBER_OBJECT_CONVERSION = YES_AGGRESSIVE;
				CLANG_CXX_LANGUAGE_STANDARD = "gnu++14";
				CLANG_CXX_LIBRARY = "libc++";
				CLANG_ENABLE_MODULES = YES;
				CLANG_ENABLE_OBJC_ARC = YES;
				CLANG_ENABLE_OBJC_WEAK = YES;
				CLANG_WARN_BLOCK_CAPTURE_AUTORELEASING = YES;
				CLANG_WARN_BOOL_CONVERSION = YES;
				CLANG_WARN_COMMA = YES;
				CLANG_WARN_CONSTANT_CONVERSION = YES;
				CLANG_WARN_DEPRECATED_OBJC_IMPLEMENTATIONS = YES;
				CLANG_WARN_DIRECT_OBJC_ISA_USAGE = YES_ERROR;
				CLANG_WARN_DOCUMENTATION_COMMENTS = YES;
				CLANG_WARN_EMPTY_BODY = YES;
				CLANG_WARN_ENUM_CONVERSION = YES;
				CLANG_WARN_INFINITE_RECURSION = YES;
				CLANG_WARN_INT_CONVERSION = YES;
				CLANG_WARN_NON_LITERAL_NULL_CONVERSION = YES;
				CLANG_WARN_OBJC_IMPLICIT_RETAIN_SELF = YES;
				CLANG_WARN_OBJC_LITERAL_CONVERSION = YES;
				CLANG_WARN_OBJC_ROOT_CLASS = YES_ERROR;
				CLANG_WARN_RANGE_LOOP_ANALYSIS = YES;
				CLANG_WARN_STRICT_PROTOTYPES = YES;
				CLANG_WARN_SUSPICIOUS_MOVE = YES;
				CLANG_WARN_UNGUARDED_AVAILABILITY = YES_AGGRESSIVE;
				CLANG_WARN_UNREACHABLE_CODE = YES;
				CLANG_WARN__DUPLICATE_METHOD_MATCH = YES;
				CODE_SIGN_IDENTITY = "iPhone Developer";
				COPY_PHASE_STRIP = NO;
				DEBUG_INFORMATION_FORMAT = dwarf;
				ENABLE_STRICT_OBJC_MSGSEND = YES;
				ENABLE_TESTABILITY = YES;
				GCC_C_LANGUAGE_STANDARD = gnu11;
				GCC_DYNAMIC_NO_PIC = NO;
				GCC_NO_COMMON_BLOCKS = YES;
				GCC_OPTIMIZATION_LEVEL = 0;
				GCC_PREPROCESSOR_DEFINITIONS = (
					"DEBUG=1",
					"$(inherited)",
				);
				GCC_WARN_64_TO_32_BIT_CONVERSION = YES;
				GCC_WARN_ABOUT_RETURN_TYPE = YES_ERROR;
				GCC_WARN_UNDECLARED_SELECTOR = YES;
				GCC_WARN_UNINITIALIZED_AUTOS = YES_AGGRESSIVE;
				GCC_WARN_UNUSED_FUNCTION = YES;
				GCC_WARN_UNUSED_VARIABLE = YES;
				IPHONEOS_DEPLOYMENT_TARGET = 11.3;
				MTL_ENABLE_DEBUG_INFO = YES;
				ONLY_ACTIVE_ARCH = YES;
				SDKROOT = iphoneos;
				SWIFT_ACTIVE_COMPILATION_CONDITIONS = DEBUG;
				SWIFT_OPTIMIZATION_LEVEL = "-Onone";
			};
			name = Debug;
		};
		A3EAC5BF20E2438000A45360 /* Release */ = {
			isa = XCBuildConfiguration;
			buildSettings = {
				ALWAYS_SEARCH_USER_PATHS = NO;
				CLANG_ANALYZER_NONNULL = YES;
				CLANG_ANALYZER_NUMBER_OBJECT_CONVERSION = YES_AGGRESSIVE;
				CLANG_CXX_LANGUAGE_STANDARD = "gnu++14";
				CLANG_CXX_LIBRARY = "libc++";
				CLANG_ENABLE_MODULES = YES;
				CLANG_ENABLE_OBJC_ARC = YES;
				CLANG_ENABLE_OBJC_WEAK = YES;
				CLANG_WARN_BLOCK_CAPTURE_AUTORELEASING = YES;
				CLANG_WARN_BOOL_CONVERSION = YES;
				CLANG_WARN_COMMA = YES;
				CLANG_WARN_CONSTANT_CONVERSION = YES;
				CLANG_WARN_DEPRECATED_OBJC_IMPLEMENTATIONS = YES;
				CLANG_WARN_DIRECT_OBJC_ISA_USAGE = YES_ERROR;
				CLANG_WARN_DOCUMENTATION_COMMENTS = YES;
				CLANG_WARN_EMPTY_BODY = YES;
				CLANG_WARN_ENUM_CONVERSION = YES;
				CLANG_WARN_INFINITE_RECURSION = YES;
				CLANG_WARN_INT_CONVERSION = YES;
				CLANG_WARN_NON_LITERAL_NULL_CONVERSION = YES;
				CLANG_WARN_OBJC_IMPLICIT_RETAIN_SELF = YES;
				CLANG_WARN_OBJC_LITERAL_CONVERSION = YES;
				CLANG_WARN_OBJC_ROOT_CLASS = YES_ERROR;
				CLANG_WARN_RANGE_LOOP_ANALYSIS = YES;
				CLANG_WARN_STRICT_PROTOTYPES = YES;
				CLANG_WARN_SUSPICIOUS_MOVE = YES;
				CLANG_WARN_UNGUARDED_AVAILABILITY = YES_AGGRESSIVE;
				CLANG_WARN_UNREACHABLE_CODE = YES;
				CLANG_WARN__DUPLICATE_METHOD_MATCH = YES;
				CODE_SIGN_IDENTITY = "iPhone Developer";
				COPY_PHASE_STRIP = NO;
				DEBUG_INFORMATION_FORMAT = "dwarf-with-dsym";
				ENABLE_NS_ASSERTIONS = NO;
				ENABLE_STRICT_OBJC_MSGSEND = YES;
				GCC_C_LANGUAGE_STANDARD = gnu11;
				GCC_NO_COMMON_BLOCKS = YES;
				GCC_WARN_64_TO_32_BIT_CONVERSION = YES;
				GCC_WARN_ABOUT_RETURN_TYPE = YES_ERROR;
				GCC_WARN_UNDECLARED_SELECTOR = YES;
				GCC_WARN_UNINITIALIZED_AUTOS = YES_AGGRESSIVE;
				GCC_WARN_UNUSED_FUNCTION = YES;
				GCC_WARN_UNUSED_VARIABLE = YES;
				IPHONEOS_DEPLOYMENT_TARGET = 11.3;
				MTL_ENABLE_DEBUG_INFO = NO;
				SDKROOT = iphoneos;
				SWIFT_COMPILATION_MODE = wholemodule;
				SWIFT_OPTIMIZATION_LEVEL = "-O";
				VALIDATE_PRODUCT = YES;
			};
			name = Release;
		};
		A3EAC5C120E2438000A45360 /* Debug */ = {
			isa = XCBuildConfiguration;
			baseConfigurationReference = F2FD8C4D95EBA21C16916A2B /* Pods-SearchUI.debug.xcconfig */;
			buildSettings = {
				ASSETCATALOG_COMPILER_APPICON_NAME = AppIcon;
				CODE_SIGN_STYLE = Automatic;
				INFOPLIST_FILE = "$(SRCROOT)/SearchUI/Supporting Files/Info.plist";
				LD_RUNPATH_SEARCH_PATHS = (
					"$(inherited)",
					"@executable_path/Frameworks",
				);
				PRODUCT_BUNDLE_IDENTIFIER = com.lkzhao.SearchUI;
				PRODUCT_NAME = "$(TARGET_NAME)";
				SWIFT_VERSION = 4.0;
				TARGETED_DEVICE_FAMILY = "1,2";
			};
			name = Debug;
		};
		A3EAC5C220E2438000A45360 /* Release */ = {
			isa = XCBuildConfiguration;
			baseConfigurationReference = 6F1B154132686F216D8F3F00 /* Pods-SearchUI.release.xcconfig */;
			buildSettings = {
				ASSETCATALOG_COMPILER_APPICON_NAME = AppIcon;
				CODE_SIGN_STYLE = Automatic;
				INFOPLIST_FILE = "$(SRCROOT)/SearchUI/Supporting Files/Info.plist";
				LD_RUNPATH_SEARCH_PATHS = (
					"$(inherited)",
					"@executable_path/Frameworks",
				);
				PRODUCT_BUNDLE_IDENTIFIER = com.lkzhao.SearchUI;
				PRODUCT_NAME = "$(TARGET_NAME)";
				SWIFT_VERSION = 4.0;
				TARGETED_DEVICE_FAMILY = "1,2";
			};
			name = Release;
		};
/* End XCBuildConfiguration section */

/* Begin XCConfigurationList section */
		A3EAC5A920E2437E00A45360 /* Build configuration list for PBXProject "SearchUI" */ = {
			isa = XCConfigurationList;
			buildConfigurations = (
				A3EAC5BE20E2438000A45360 /* Debug */,
				A3EAC5BF20E2438000A45360 /* Release */,
			);
			defaultConfigurationIsVisible = 0;
			defaultConfigurationName = Release;
		};
		A3EAC5C020E2438000A45360 /* Build configuration list for PBXNativeTarget "SearchUI" */ = {
			isa = XCConfigurationList;
			buildConfigurations = (
				A3EAC5C120E2438000A45360 /* Debug */,
				A3EAC5C220E2438000A45360 /* Release */,
			);
			defaultConfigurationIsVisible = 0;
			defaultConfigurationName = Release;
		};
/* End XCConfigurationList section */
	};
	rootObject = A3EAC5A620E2437E00A45360 /* Project object */;
}
